hash: 80f5108c9cf5598095f995639d572b9dd8ae3936a798a0e4d63014e90ea6003e
updated: 2018-07-19T16:28:44.754746711+08:00
imports:
- name: github.com/afocus/captcha
  version: 6d694b359d1a516aa04d30efe3ffe5d1361b63ef
- name: github.com/AndreasBriese/bbloom
  version: 28f7e881ca57bc00e028f9ede9f0d9104cfeef5e
- name: github.com/aymerick/raymond
  version: b565731e1464263de0bda75f2e45d97b54b60110
  subpackages:
  - ast
  - lexer
  - parser
- name: github.com/BurntSushi/toml
  version: a368813c5e648fee92e5f6c30e3944ff9d5e8895
- name: github.com/dgraph-io/badger
  version: be3a85f6a32751997ddee1b298c2113aa7bec157
  subpackages:
  - options
  - protos
  - skl
  - table
  - "y"
- name: github.com/dgryski/go-farm
  version: 2de33835d10275975374b37b2dcfd22c9020a1f5
- name: github.com/dustin/go-humanize
  version: 9f541cc9db5d55bce703bd99987c9d5cb8eea45e
- name: github.com/eknkc/amber
  version: cdade1c073850f4ffc70a829e31235ea6892853b
  subpackages:
  - parser
- name: github.com/fatih/structs
  version: ebf56d35bba727c68ac77f56f2fcf90b181851aa
- name: github.com/flosch/pongo2
  version: 67f4ff8560dfa2b00920118f228c0a2f68760631
- name: github.com/go-sql-driver/mysql
  version: d523deb1b23d913de5bdada721a6071e71283618
- name: github.com/go-xorm/builder
  version: dc8bf48f58fab2b4da338ffd25191905fd741b8f
- name: github.com/go-xorm/core
  version: c10e21e7e1cec20e09398f2dfae385e58c8df555
- name: github.com/go-xorm/xorm
  version: d85bb4911c725a53b135fc12862748a41b6c07da
- name: github.com/golang/freetype
  version: e2365dfdc4a05e4b8299a783240d4a7d5a65d4e4
  subpackages:
  - raster
  - truetype
- name: github.com/golang/protobuf
  version: 14aad3d5ea4c323bcd7a2137e735da24a76e814c
  subpackages:
  - proto
- name: github.com/gorilla/securecookie
  version: e59506cc896acb7f7bf732d4fdf5e25f7ccd8983
- name: github.com/hashicorp/go-version
  version: 270f2f71b1ee587f3b609f00f422b76a6b28f348
- name: github.com/iris-contrib/formBinder
  version: ad9fb86c356f971f30319c40ddbdcf72129a2791
- name: github.com/Joker/jade
  version: 8828253bfc54f2f91aaef5f32b44a244b0a98e4f
- name: github.com/json-iterator/go
  version: ab8a2e0c74be9d3be70b3184d9acc634935ded82
- name: github.com/juju/errors
  version: c7d06af17c68cd34c835053720b21f6549d9b0ee
- name: github.com/kataras/golog
  version: 03be101463868edc5a81f094fc68a5f6c1b5503a
- name: github.com/kataras/iris
  version: eba6adbd78bb547b220f7fe7fbda331532134e87
  subpackages:
  - cache
  - cache/cfg
  - cache/client
  - cache/client/rule
  - cache/entry
  - cache/ruleset
  - cache/uri
  - context
  - core/errors
  - core/handlerconv
  - core/host
  - core/maintenance
  - core/maintenance/version
  - core/memstore
  - core/netutil
  - core/router
  - core/router/macro
  - core/router/macro/interpreter/ast
  - core/router/macro/interpreter/lexer
  - core/router/macro/interpreter/parser
  - core/router/macro/interpreter/token
  - core/router/node
  - hero
  - hero/di
  - middleware/logger
  - middleware/pprof
  - middleware/recover
  - mvc
  - sessions
  - sessions/sessiondb/badger
  - view
- name: github.com/kataras/pio
  version: a9733b5b6b83d32b479aacd51d26ef6018261963
  subpackages:
  - terminal
- name: github.com/kataras/survey
  version: 00934ae069eda15df26fa427ac393e67e239380c
  subpackages:
  - core
  - terminal
- name: github.com/kataras/tablewriter
  version: e063d29b7c2363c8e21a25fdb4109f03beb50230
- name: github.com/klauspost/compress
  version: b939724e787a27c0005cabe3f78e7ed7987ac74f
  subpackages:
  - flate
  - gzip
- name: github.com/klauspost/cpuid
  version: e7e905edc00ea8827e58662220139109efea09db
- name: github.com/landoop/tableprinter
  version: 29a9f10fd442a0ff20d4afa7b1a6e146f1c51c77
- name: github.com/mattn/go-colorable
  version: efa589957cd060542a26d2dd7832fd6a6c6c3ade
- name: github.com/mattn/go-isatty
  version: 6ca4dbf54d38eea1a992b3c722a76a5d1c4cb25c
- name: github.com/mattn/go-runewidth
  version: ce7b0b5c7b45a81508558cd1dba6bb1e4ddb51bb
- name: github.com/mgutz/ansi
  version: 9520e82c474b0a04dd04f8a40959027271bab992
- name: github.com/microcosm-cc/bluemonday
  version: dafebb5b6ff2861a0d69af64991e10866c19be85
- name: github.com/modern-go/concurrent
  version: bacd9c7ef1dd9b15be4a9909b8ac7a4e313eec94
- name: github.com/modern-go/reflect2
  version: 94122c33edd36123c84d5368cfb2b69df93a0ec8
- name: github.com/nfnt/resize
  version: 83c6a9932646f83e3267f353373d47347b6036b2
- name: github.com/pkg/errors
  version: 816c9085562cd7ee03e7f8188a1cfd942858cded
- name: github.com/ryanuber/columnize
  version: abc90934186a77966e2beeac62ed966aac0561d5
- name: github.com/satori/go.uuid
  version: 36e9d2ebbde5e3f13ab2e25625fd453271d6522e
- name: github.com/shurcooL/sanitized_anchor_name
  version: 86672fcb3f950f35f2e675df2240550f2a50762f
- name: golang.org/x/crypto/acme/autocert
  version: a2144134853fc9a27a7b1e3eb4f19f1a76df13c9
- name: golang.org/x/image/draw
  version: c73c2afc3b812cdd6385de5a50616511c4a3d458
- name: golang.org/x/image/font
  version: c73c2afc3b812cdd6385de5a50616511c4a3d458
- name: golang.org/x/image/math/fixed
  version: c73c2afc3b812cdd6385de5a50616511c4a3d458
- name: golang.org/x/net/html
  version: 81d44fd177a98d09fe3bc40a5a78d495d3f042ea
- name: golang.org/x/net/trace
  version: 81d44fd177a98d09fe3bc40a5a78d495d3f042ea
- name: golang.org/x/sys/unix
  version: ac767d655b305d4e9612f5f6e33120b9176c4ad4
- name: gopkg.in/russross/blackfriday.v2
  version: cadec560ec52d93835bf2f15bd794700d3a2473b
- name: gopkg.in/yaml.v2
  version: 5420a8b6744d3b0345ab293f6fcba19c978f1183
testImports: []
