hash: 2fa774a3182abaf69b8be4489e2b91dc69759170badb5570f49114c17c0318bd
updated: 2018-01-31T16:16:42.0626955+08:00
imports:
- name: github.com/afocus/captcha
  version: 6d694b359d1a516aa04d30efe3ffe5d1361b63ef
- name: github.com/aymerick/raymond
  version: 72acac2207479d21dd45898c2a4264246c818148
  subpackages:
  - ast
  - lexer
  - parser
- name: github.com/BurntSushi/toml
  version: a368813c5e648fee92e5f6c30e3944ff9d5e8895
- name: github.com/eknkc/amber
  version: cdade1c073850f4ffc70a829e31235ea6892853b
  subpackages:
  - parser
- name: github.com/fatih/structs
  version: ebf56d35bba727c68ac77f56f2fcf90b181851aa
- name: github.com/flosch/pongo2
  version: 1f4be1efe3b3529b7e58861f75d70120a9567dc4
- name: github.com/go-sql-driver/mysql
  version: a0583e0143b1624142adab07e0e97fe106d99561
- name: github.com/go-xorm/builder
  version: 488224409dd8aa2ce7a5baf8d10d55764a913738
- name: github.com/go-xorm/core
  version: da1adaf7a28ca792961721a34e6e04945200c890
- name: github.com/go-xorm/xorm
  version: 1933dd69e294c0a26c0266637067f24dbb25770c
- name: github.com/golang/freetype
  version: e2365dfdc4a05e4b8299a783240d4a7d5a65d4e4
  subpackages:
  - raster
  - truetype
- name: github.com/gorilla/securecookie
  version: 667fe4e3466a040b780561fe9b51a83a3753eefc
- name: github.com/hashicorp/go-version
  version: 4fe82ae3040f80a03d04d2cccb5606a626b8e1ee
- name: github.com/iris-contrib/formBinder
  version: ad9fb86c356f971f30319c40ddbdcf72129a2791
- name: github.com/Joker/jade
  version: 35b3f5bdbcc920cd31f4870536dbc63be8530541
- name: github.com/json-iterator/go
  version: bca911dae0735b8220ddb30236e11cff9d959f19
- name: github.com/juju/errors
  version: c7d06af17c68cd34c835053720b21f6549d9b0ee
- name: github.com/kataras/golog
  version: 85424b54aeb661d802fad5c305f0e4406a89ade2
- name: github.com/kataras/iris
  version: 8be504fe1304c9c2dfdbc805b55f740d4c0a8acf
  subpackages:
  - cache
  - cache/cfg
  - cache/client
  - cache/client/rule
  - cache/entry
  - cache/ruleset
  - cache/uri
  - context
  - core/errors
  - core/handlerconv
  - core/host
  - core/maintenance
  - core/maintenance/client
  - core/maintenance/encoding
  - core/maintenance/version
  - core/memstore
  - core/netutil
  - core/router
  - core/router/macro
  - core/router/macro/interpreter/ast
  - core/router/macro/interpreter/lexer
  - core/router/macro/interpreter/parser
  - core/router/macro/interpreter/token
  - core/router/node
  - hero
  - hero/di
  - middleware/logger
  - middleware/pprof
  - middleware/recover
  - mvc
  - sessions
  - view
- name: github.com/kataras/pio
  version: 825e39f34365e7db2c9fbc3692c16220e3bd7418
  subpackages:
  - terminal
- name: github.com/kataras/survey
  version: 00934ae069eda15df26fa427ac393e67e239380c
  subpackages:
  - core
  - terminal
- name: github.com/klauspost/compress
  version: b88785bfd699aa994985ea91b90ee8a1721c3fe1
  subpackages:
  - flate
  - gzip
- name: github.com/klauspost/cpuid
  version: ae832f27941af41db13bd6d8efd2493e3b22415a
- name: github.com/mattn/go-colorable
  version: 6cc8b475d4682021d75d2cbe2bc481bec4ce98e5
- name: github.com/mattn/go-isatty
  version: 6ca4dbf54d38eea1a992b3c722a76a5d1c4cb25c
- name: github.com/mgutz/ansi
  version: 9520e82c474b0a04dd04f8a40959027271bab992
- name: github.com/microcosm-cc/bluemonday
  version: 542fd4642604d0d0c26112396ce5b1a9d01eee0b
- name: github.com/nfnt/resize
  version: 891127d8d1b52734debe1b3c3d7e747502b6c366
- name: github.com/russross/blackfriday
  version: 6d1ef893fcb01b4f50cb6e57ed7df3e2e627b6b2
- name: github.com/ryanuber/columnize
  version: abc90934186a77966e2beeac62ed966aac0561d5
- name: github.com/satori/go.uuid
  version: 36e9d2ebbde5e3f13ab2e25625fd453271d6522e
- name: golang.org/x/crypto/acme/autocert
  version: 1875d0a70c90e57f11972aefd42276df65e895b9
- name: golang.org/x/image/draw
  version: 12117c17ca67ffa1ce22e9409f3b0b0a93ac08c7
- name: golang.org/x/image/font
  version: 12117c17ca67ffa1ce22e9409f3b0b0a93ac08c7
- name: golang.org/x/image/math/fixed
  version: 12117c17ca67ffa1ce22e9409f3b0b0a93ac08c7
- name: golang.org/x/net/html
  version: 0ed95abb35c445290478a5348a7b38bb154135fd
- name: golang.org/x/sys/unix
  version: 3dbebcf8efb6a5011a60c2b4591c1022a759af8a
- name: golang.org/x/text
  version: e19ae1496984b1c655b8044a65c0300a3c878dd3
- name: gopkg.in/yaml.v2
  version: d670f9405373e636a5a2765eea47fac0c9bc91a4
testImports: []
